
Microsoft Visual Studio Solution File, Format Version 12.00
# Visual Studio Version 16
VisualStudioVersion = 16.0.30114.105
MinimumVisualStudioVersion = 10.0.40219.1
Project("{FAE04EC0-301F-11D3-BF4B-00C04F79EFBC}") = "FizzBuzz.tests", "FizzBuzz.Tests\FizzBuzz.tests.csproj", "{563BB6DC-017D-4F80-ABE6-A01D6F6482B7}"
EndProject
Project("{FAE04EC0-301F-11D3-BF4B-00C04F79EFBC}") = "FizzBuss.Business", "FizzBuss.Business\FizzBuss.Business.csproj", "{EED13096-20F5-4F0B-8B27-E19BB850D8C5}"
EndProject
Project("{FAE04EC0-301F-11D3-BF4B-00C04F79EFBC}") = "StringCalculator.Tests", "StringCalculator.Tests\StringCalculator.Tests.csproj", "{018D26D7-6798-478F-99DF-3298A84A70E9}"
EndProject
Project("{FAE04EC0-301F-11D3-BF4B-00C04F79EFBC}") = "StringCalculator", "StringCalculator\StringCalculator.csproj", "{3A4C741E-676E-4808-8DF9-783B230E6EA9}"
EndProject
Global
	GlobalSection(SolutionConfigurationPlatforms) = preSolution
		Debug|Any CPU = Debug|Any CPU
		Debug|x64 = Debug|x64
		Debug|x86 = Debug|x86
		Release|Any CPU = Release|Any CPU
		Release|x64 = Release|x64
		Release|x86 = Release|x86
	EndGlobalSection
	GlobalSection(SolutionProperties) = preSolution
		HideSolutionNode = FALSE
	EndGlobalSection
	GlobalSection(ProjectConfigurationPlatforms) = postSolution
		{563BB6DC-017D-4F80-ABE6-A01D6F6482B7}.Debug|Any CPU.ActiveCfg = Debug|Any CPU
		{563BB6DC-017D-4F80-ABE6-A01D6F6482B7}.Debug|Any CPU.Build.0 = Debug|Any CPU
		{563BB6DC-017D-4F80-ABE6-A01D6F6482B7}.Debug|x64.ActiveCfg = Debug|Any CPU
		{563BB6DC-017D-4F80-ABE6-A01D6F6482B7}.Debug|x64.Build.0 = Debug|Any CPU
		{563BB6DC-017D-4F80-ABE6-A01D6F6482B7}.Debug|x86.ActiveCfg = Debug|Any CPU
		{563BB6DC-017D-4F80-ABE6-A01D6F6482B7}.Debug|x86.Build.0 = Debug|Any CPU
		{563BB6DC-017D-4F80-ABE6-A01D6F6482B7}.Release|Any CPU.ActiveCfg = Release|Any CPU
		{563BB6DC-017D-4F80-ABE6-A01D6F6482B7}.Release|Any CPU.Build.0 = Release|Any CPU
		{563BB6DC-017D-4F80-ABE6-A01D6F6482B7}.Release|x64.ActiveCfg = Release|Any CPU
		{563BB6DC-017D-4F80-ABE6-A01D6F6482B7}.Release|x64.Build.0 = Release|Any CPU
		{563BB6DC-017D-4F80-ABE6-A01D6F6482B7}.Release|x86.ActiveCfg = Release|Any CPU
		{563BB6DC-017D-4F80-ABE6-A01D6F6482B7}.Release|x86.Build.0 = Release|Any CPU
		{EED13096-20F5-4F0B-8B27-E19BB850D8C5}.Debug|Any CPU.ActiveCfg = Debug|Any CPU
		{EED13096-20F5-4F0B-8B27-E19BB850D8C5}.Debug|Any CPU.Build.0 = Debug|Any CPU
		{EED13096-20F5-4F0B-8B27-E19BB850D8C5}.Debug|x64.ActiveCfg = Debug|Any CPU
		{EED13096-20F5-4F0B-8B27-E19BB850D8C5}.Debug|x64.Build.0 = Debug|Any CPU
		{EED13096-20F5-4F0B-8B27-E19BB850D8C5}.Debug|x86.ActiveCfg = Debug|Any CPU
		{EED13096-20F5-4F0B-8B27-E19BB850D8C5}.Debug|x86.Build.0 = Debug|Any CPU
		{EED13096-20F5-4F0B-8B27-E19BB850D8C5}.Release|Any CPU.ActiveCfg = Release|Any CPU
		{EED13096-20F5-4F0B-8B27-E19BB850D8C5}.Release|Any CPU.Build.0 = Release|Any CPU
		{EED13096-20F5-4F0B-8B27-E19BB850D8C5}.Release|x64.ActiveCfg = Release|Any CPU
		{EED13096-20F5-4F0B-8B27-E19BB850D8C5}.Release|x64.Build.0 = Release|Any CPU
		{EED13096-20F5-4F0B-8B27-E19BB850D8C5}.Release|x86.ActiveCfg = Release|Any CPU
		{EED13096-20F5-4F0B-8B27-E19BB850D8C5}.Release|x86.Build.0 = Release|Any CPU
		{018D26D7-6798-478F-99DF-3298A84A70E9}.Debug|Any CPU.ActiveCfg = Debug|Any CPU
		{018D26D7-6798-478F-99DF-3298A84A70E9}.Debug|Any CPU.Build.0 = Debug|Any CPU
		{018D26D7-6798-478F-99DF-3298A84A70E9}.Debug|x64.ActiveCfg = Debug|Any CPU
		{018D26D7-6798-478F-99DF-3298A84A70E9}.Debug|x64.Build.0 = Debug|Any CPU
		{018D26D7-6798-478F-99DF-3298A84A70E9}.Debug|x86.ActiveCfg = Debug|Any CPU
		{018D26D7-6798-478F-99DF-3298A84A70E9}.Debug|x86.Build.0 = Debug|Any CPU
		{018D26D7-6798-478F-99DF-3298A84A70E9}.Release|Any CPU.ActiveCfg = Release|Any CPU
		{018D26D7-6798-478F-99DF-3298A84A70E9}.Release|Any CPU.Build.0 = Release|Any CPU
		{018D26D7-6798-478F-99DF-3298A84A70E9}.Release|x64.ActiveCfg = Release|Any CPU
		{018D26D7-6798-478F-99DF-3298A84A70E9}.Release|x64.Build.0 = Release|Any CPU
		{018D26D7-6798-478F-99DF-3298A84A70E9}.Release|x86.ActiveCfg = Release|Any CPU
		{018D26D7-6798-478F-99DF-3298A84A70E9}.Release|x86.Build.0 = Release|Any CPU
		{3A4C741E-676E-4808-8DF9-783B230E6EA9}.Debug|Any CPU.ActiveCfg = Debug|Any CPU
		{3A4C741E-676E-4808-8DF9-783B230E6EA9}.Debug|Any CPU.Build.0 = Debug|Any CPU
		{3A4C741E-676E-4808-8DF9-783B230E6EA9}.Debug|x64.ActiveCfg = Debug|Any CPU
		{3A4C741E-676E-4808-8DF9-783B230E6EA9}.Debug|x64.Build.0 = Debug|Any CPU
		{3A4C741E-676E-4808-8DF9-783B230E6EA9}.Debug|x86.ActiveCfg = Debug|Any CPU
		{3A4C741E-676E-4808-8DF9-783B230E6EA9}.Debug|x86.Build.0 = Debug|Any CPU
		{3A4C741E-676E-4808-8DF9-783B230E6EA9}.Release|Any CPU.ActiveCfg = Release|Any CPU
		{3A4C741E-676E-4808-8DF9-783B230E6EA9}.Release|Any CPU.Build.0 = Release|Any CPU
		{3A4C741E-676E-4808-8DF9-783B230E6EA9}.Release|x64.ActiveCfg = Release|Any CPU
		{3A4C741E-676E-4808-8DF9-783B230E6EA9}.Release|x64.Build.0 = Release|Any CPU
		{3A4C741E-676E-4808-8DF9-783B230E6EA9}.Release|x86.ActiveCfg = Release|Any CPU
		{3A4C741E-676E-4808-8DF9-783B230E6EA9}.Release|x86.Build.0 = Release|Any CPU
	EndGlobalSection
EndGlobal
